
Microsoft Visual Studio Solution File, Format Version 12.00
# Visual Studio Version 16
VisualStudioVersion = 16.0.32602.291
MinimumVisualStudioVersion = 10.0.40219.1
Project("{FAE04EC0-301F-11D3-BF4B-00C04F79EFBC}") = "WebApplication1", "WebApplication1\WebApplication1.csproj", "{FF594098-9227-4CF0-BE16-EF899CFEC45E}"
EndProject
Global
	GlobalSection(SolutionConfigurationPlatforms) = preSolution
		Debug|Any CPU = Debug|Any CPU
		Release|Any CPU = Release|Any CPU
	EndGlobalSection
	GlobalSection(ProjectConfigurationPlatforms) = postSolution
		{FF594098-9227-4CF0-BE16-EF899CFEC45E}.Debug|Any CPU.ActiveCfg = Debug|Any CPU
		{FF594098-9227-4CF0-BE16-EF899CFEC45E}.Debug|Any CPU.Build.0 = Debug|Any CPU
		{FF594098-9227-4CF0-BE16-EF899CFEC45E}.Release|Any CPU.ActiveCfg = Release|Any CPU
		{FF594098-9227-4CF0-BE16-EF899CFEC45E}.Release|Any CPU.Build.0 = Release|Any CPU
	EndGlobalSection
	GlobalSection(SolutionProperties) = preSolution
		HideSolutionNode = FALSE
	EndGlobalSection
	GlobalSection(ExtensibilityGlobals) = postSolution
		SolutionGuid = {A7046D72-BB62-4A71-8A1D-91E17746BA5A}
	EndGlobalSection
EndGlobal
